
Microsoft Visual Studio Solution File, Format Version 12.00
# Visual Studio Version 16
VisualStudioVersion = 16.0.31019.35
MinimumVisualStudioVersion = 10.0.40219.1
Project("{FAE04EC0-301F-11D3-BF4B-00C04F79EFBC}") = "NoteTaking", "NoteTaking\NoteTaking.csproj", "{81E8F199-434B-4608-AB0C-C2E3DBC1BDF0}"
EndProject
Global
	GlobalSection(SolutionConfigurationPlatforms) = preSolution
		Debug|Any CPU = Debug|Any CPU
		Release|Any CPU = Release|Any CPU
	EndGlobalSection
	GlobalSection(ProjectConfigurationPlatforms) = postSolution
		{81E8F199-434B-4608-AB0C-C2E3DBC1BDF0}.Debug|Any CPU.ActiveCfg = Debug|Any CPU
		{81E8F199-434B-4608-AB0C-C2E3DBC1BDF0}.Debug|Any CPU.Build.0 = Debug|Any CPU
		{81E8F199-434B-4608-AB0C-C2E3DBC1BDF0}.Release|Any CPU.ActiveCfg = Release|Any CPU
		{81E8F199-434B-4608-AB0C-C2E3DBC1BDF0}.Release|Any CPU.Build.0 = Release|Any CPU
	EndGlobalSection
	GlobalSection(SolutionProperties) = preSolution
		HideSolutionNode = FALSE
	EndGlobalSection
	GlobalSection(ExtensibilityGlobals) = postSolution
		SolutionGuid = {27D7FD07-3DE8-42A3-A5DE-E2BB09387E48}
	EndGlobalSection
EndGlobal
